
Microsoft Visual Studio Solution File, Format Version 9.00
# Visual Studio 2005
Project("{FAE04EC0-301F-11D3-BF4B-00C04F79EFBC}") = "Scan Gun", "Scan Gun\Scan Gun.csproj", "{C6AB1764-7E08-4F31-A138-9001C013B78E}"
EndProject
Global
	GlobalSection(SolutionConfigurationPlatforms) = preSolution
		Debug|Any CPU = Debug|Any CPU
		Release|Any CPU = Release|Any CPU
	EndGlobalSection
	GlobalSection(ProjectConfigurationPlatforms) = postSolution
		{C6AB1764-7E08-4F31-A138-9001C013B78E}.Debug|Any CPU.ActiveCfg = Debug|Any CPU
		{C6AB1764-7E08-4F31-A138-9001C013B78E}.Debug|Any CPU.Build.0 = Debug|Any CPU
		{C6AB1764-7E08-4F31-A138-9001C013B78E}.Debug|Any CPU.Deploy.0 = Debug|Any CPU
		{C6AB1764-7E08-4F31-A138-9001C013B78E}.Release|Any CPU.ActiveCfg = Release|Any CPU
		{C6AB1764-7E08-4F31-A138-9001C013B78E}.Release|Any CPU.Build.0 = Release|Any CPU
		{C6AB1764-7E08-4F31-A138-9001C013B78E}.Release|Any CPU.Deploy.0 = Release|Any CPU
	EndGlobalSection
	GlobalSection(SolutionProperties) = preSolution
		HideSolutionNode = FALSE
	EndGlobalSection
EndGlobal
